
Microsoft Visual Studio Solution File, Format Version 12.00
# Visual Studio Version 17
VisualStudioVersion = 17.14.36221.1 d17.14
MinimumVisualStudioVersion = 10.0.40219.1
Project("{FAE04EC0-301F-11D3-BF4B-00C04F79EFBC}") = "Tourism_minya", "Tourism_minya.csproj", "{BFF63262-2342-49A0-B4B4-C29B800641E3}"
EndProject
Project("{FAE04EC0-301F-11D3-BF4B-00C04F79EFBC}") = "Tourism_minya.Domain", "..\Tourism_minya.Domain\Tourism_minya.Domain.csproj", "{A4537EB1-B128-4BDC-8D7E-3F847D684F4B}"
EndProject
Project("{FAE04EC0-301F-11D3-BF4B-00C04F79EFBC}") = "Tourism_minya.Application", "..\Tourism_minya.Application\Tourism_minya.Application.csproj", "{1C4A5EBE-B58F-490A-8C78-1FE71B8C421D}"
EndProject
Project("{FAE04EC0-301F-11D3-BF4B-00C04F79EFBC}") = "tourism_minya.Infrastructure", "..\tourism_minya.Infrastructure\tourism_minya.Infrastructure.csproj", "{C0568EE0-7D92-45E5-9B04-1BF28054B608}"
EndProject
Global
	GlobalSection(SolutionConfigurationPlatforms) = preSolution
		Debug|Any CPU = Debug|Any CPU
		Release|Any CPU = Release|Any CPU
	EndGlobalSection
	GlobalSection(ProjectConfigurationPlatforms) = postSolution
		{BFF63262-2342-49A0-B4B4-C29B800641E3}.Debug|Any CPU.ActiveCfg = Debug|Any CPU
		{BFF63262-2342-49A0-B4B4-C29B800641E3}.Debug|Any CPU.Build.0 = Debug|Any CPU
		{BFF63262-2342-49A0-B4B4-C29B800641E3}.Release|Any CPU.ActiveCfg = Release|Any CPU
		{BFF63262-2342-49A0-B4B4-C29B800641E3}.Release|Any CPU.Build.0 = Release|Any CPU
		{A4537EB1-B128-4BDC-8D7E-3F847D684F4B}.Debug|Any CPU.ActiveCfg = Debug|Any CPU
		{A4537EB1-B128-4BDC-8D7E-3F847D684F4B}.Debug|Any CPU.Build.0 = Debug|Any CPU
		{A4537EB1-B128-4BDC-8D7E-3F847D684F4B}.Release|Any CPU.ActiveCfg = Release|Any CPU
		{A4537EB1-B128-4BDC-8D7E-3F847D684F4B}.Release|Any CPU.Build.0 = Release|Any CPU
		{1C4A5EBE-B58F-490A-8C78-1FE71B8C421D}.Debug|Any CPU.ActiveCfg = Debug|Any CPU
		{1C4A5EBE-B58F-490A-8C78-1FE71B8C421D}.Debug|Any CPU.Build.0 = Debug|Any CPU
		{1C4A5EBE-B58F-490A-8C78-1FE71B8C421D}.Release|Any CPU.ActiveCfg = Release|Any CPU
		{1C4A5EBE-B58F-490A-8C78-1FE71B8C421D}.Release|Any CPU.Build.0 = Release|Any CPU
		{C0568EE0-7D92-45E5-9B04-1BF28054B608}.Debug|Any CPU.ActiveCfg = Debug|Any CPU
		{C0568EE0-7D92-45E5-9B04-1BF28054B608}.Debug|Any CPU.Build.0 = Debug|Any CPU
		{C0568EE0-7D92-45E5-9B04-1BF28054B608}.Release|Any CPU.ActiveCfg = Release|Any CPU
		{C0568EE0-7D92-45E5-9B04-1BF28054B608}.Release|Any CPU.Build.0 = Release|Any CPU
	EndGlobalSection
	GlobalSection(SolutionProperties) = preSolution
		HideSolutionNode = FALSE
	EndGlobalSection
	GlobalSection(ExtensibilityGlobals) = postSolution
		SolutionGuid = {4C299671-3B58-47A2-B7E7-DECC18528D0C}
	EndGlobalSection
EndGlobal
